PODS:
  - AFNetworking (0.9.1)
  - PKHUD (3.2.1)

DEPENDENCIES:
  - AFNetworking (= 0.9.1)
  - PKHUD

SPEC CHECKSUMS:
  AFNetworking: 7878df8698de3b1523a065629ebd4b24f5bb8cbc
  PKHUD: 001c11518f125a273ddf026bcc64918423744ea2

PODFILE CHECKSUM: 2cff03db6d995b0e1f35c7508b8b5673351befa3

COCOAPODS: 1.0.1
