// !$*UTF8*$!
{
	archiveVersion = 1;
	classes = {
	};
	objectVersion = 46;
	objects = {

/* Begin PBXBuildFile section */
		6A31D55FDA338CAC8A4A8A82 /* Pods_Suitmedia_Test.framework in Frameworks */ = {isa = PBXBuildFile; fileRef = 7C2D38D21C4E476791FDFDD3 /* Pods_Suitmedia_Test.framework */; };
		8F5E90BE1D51AE7900E5B697 /* Guest.swift in Sources */ = {isa = PBXBuildFile; fileRef = 8F5E90BD1D51AE7900E5B697 /* Guest.swift */; };
		8F5E90C01D51DE2600E5B697 /* GuestCollectionViewController.swift in Sources */ = {isa = PBXBuildFile; fileRef = 8F5E90BF1D51DE2600E5B697 /* GuestCollectionViewController.swift */; };
		8F5E90C21D51DF0900E5B697 /* GuestCell.swift in Sources */ = {isa = PBXBuildFile; fileRef = 8F5E90C11D51DF0900E5B697 /* GuestCell.swift */; };
		8FA78D961D531A210045BB3B /* AFWrapper.swift in Sources */ = {isa = PBXBuildFile; fileRef = 8FA78D951D531A210045BB3B /* AFWrapper.swift */; };
		8FA78D981D531B950045BB3B /* MasukViewController.swift in Sources */ = {isa = PBXBuildFile; fileRef = 8FA78D971D531B950045BB3B /* MasukViewController.swift */; };
		8FA78D9A1D533A4F0045BB3B /* GuestMappable.swift in Sources */ = {isa = PBXBuildFile; fileRef = 8FA78D991D533A4F0045BB3B /* GuestMappable.swift */; };
		8FD0A8D11D4F041E00E8AB58 /* EventTableViewController.swift in Sources */ = {isa = PBXBuildFile; fileRef = 8FD0A8D01D4F041E00E8AB58 /* EventTableViewController.swift */; };
		8FD0A8D31D4F092700E8AB58 /* HomeViewController.swift in Sources */ = {isa = PBXBuildFile; fileRef = 8FD0A8D21D4F092700E8AB58 /* HomeViewController.swift */; };
		8FD0A8D51D4F0C7100E8AB58 /* Event.swift in Sources */ = {isa = PBXBuildFile; fileRef = 8FD0A8D41D4F0C7100E8AB58 /* Event.swift */; };
		8FD0A8D71D4F0FBF00E8AB58 /* EventCell.swift in Sources */ = {isa = PBXBuildFile; fileRef = 8FD0A8D61D4F0FBF00E8AB58 /* EventCell.swift */; };
		8FEEFB721D4B07C700480727 /* AppDelegate.swift in Sources */ = {isa = PBXBuildFile; fileRef = 8FEEFB711D4B07C700480727 /* AppDelegate.swift */; };
		8FEEFB771D4B07C700480727 /* Main.storyboard in Resources */ = {isa = PBXBuildFile; fileRef = 8FEEFB751D4B07C700480727 /* Main.storyboard */; };
		8FEEFB791D4B07C700480727 /* Assets.xcassets in Resources */ = {isa = PBXBuildFile; fileRef = 8FEEFB781D4B07C700480727 /* Assets.xcassets */; };
		8FEEFB7C1D4B07C700480727 /* LaunchScreen.storyboard in Resources */ = {isa = PBXBuildFile; fileRef = 8FEEFB7A1D4B07C700480727 /* LaunchScreen.storyboard */; };
/* End PBXBuildFile section */

/* Begin PBXFileReference section */
		7C2D38D21C4E476791FDFDD3 /* Pods_Suitmedia_Test.framework */ = {isa = PBXFileReference; explicitFileType = wrapper.framework; includeInIndex = 0; path = Pods_Suitmedia_Test.framework; sourceTree = BUILT_PRODUCTS_DIR; };
		8F5E90BD1D51AE7900E5B697 /* Guest.swift */ = {isa = PBXFileReference; fileEncoding = 4; lastKnownFileType = sourcecode.swift; path = Guest.swift; sourceTree = "<group>"; };
		8F5E90BF1D51DE2600E5B697 /* GuestCollectionViewController.swift */ = {isa = PBXFileReference; fileEncoding = 4; lastKnownFileType = sourcecode.swift; path = GuestCollectionViewController.swift; sourceTree = "<group>"; };
		8F5E90C11D51DF0900E5B697 /* GuestCell.swift */ = {isa = PBXFileReference; fileEncoding = 4; lastKnownFileType = sourcecode.swift; path = GuestCell.swift; sourceTree = "<group>"; };
		8FA78D951D531A210045BB3B /* AFWrapper.swift */ = {isa = PBXFileReference; fileEncoding = 4; lastKnownFileType = sourcecode.swift; path = AFWrapper.swift; sourceTree = "<group>"; };
		8FA78D971D531B950045BB3B /* MasukViewController.swift */ = {isa = PBXFileReference; fileEncoding = 4; lastKnownFileType = sourcecode.swift; path = MasukViewController.swift; sourceTree = "<group>"; };
		8FA78D991D533A4F0045BB3B /* GuestMappable.swift */ = {isa = PBXFileReference; fileEncoding = 4; lastKnownFileType = sourcecode.swift; path = GuestMappable.swift; sourceTree = "<group>"; };
		8FD0A8D01D4F041E00E8AB58 /* EventTableViewController.swift */ = {isa = PBXFileReference; fileEncoding = 4; lastKnownFileType = sourcecode.swift; path = EventTableViewController.swift; sourceTree = "<group>"; };
		8FD0A8D21D4F092700E8AB58 /* HomeViewController.swift */ = {isa = PBXFileReference; fileEncoding = 4; lastKnownFileType = sourcecode.swift; path = HomeViewController.swift; sourceTree = "<group>"; };
		8FD0A8D41D4F0C7100E8AB58 /* Event.swift */ = {isa = PBXFileReference; fileEncoding = 4; lastKnownFileType = sourcecode.swift; path = Event.swift; sourceTree = "<group>"; };
		8FD0A8D61D4F0FBF00E8AB58 /* EventCell.swift */ = {isa = PBXFileReference; fileEncoding = 4; lastKnownFileType = sourcecode.swift; path = EventCell.swift; sourceTree = "<group>"; };
		8FEEFB6E1D4B07C700480727 /* Suitmedia Test.app */ = {isa = PBXFileReference; explicitFileType = wrapper.application; includeInIndex = 0; path = "Suitmedia Test.app"; sourceTree = BUILT_PRODUCTS_DIR; };
		8FEEFB711D4B07C700480727 /* AppDelegate.swift */ = {isa = PBXFileReference; lastKnownFileType = sourcecode.swift; path = AppDelegate.swift; sourceTree = "<group>"; };
		8FEEFB761D4B07C700480727 /* Base */ = {isa = PBXFileReference; lastKnownFileType = file.storyboard; name = Base; path = Base.lproj/Main.storyboard; sourceTree = "<group>"; };
		8FEEFB781D4B07C700480727 /* Assets.xcassets */ = {isa = PBXFileReference; lastKnownFileType = folder.assetcatalog; path = Assets.xcassets; sourceTree = "<group>"; };
		8FEEFB7B1D4B07C700480727 /* Base */ = {isa = PBXFileReference; lastKnownFileType = file.storyboard; name = Base; path = Base.lproj/LaunchScreen.storyboard; sourceTree = "<group>"; };
		8FEEFB7D1D4B07C700480727 /* Info.plist */ = {isa = PBXFileReference; lastKnownFileType = text.plist.xml; path = Info.plist; sourceTree = "<group>"; };
		94CF3533BF54135265DC4A40 /* Pods-Suitmedia Test.debug.xcconfig */ = {isa = PBXFileReference; includeInIndex = 1; lastKnownFileType = text.xcconfig; name = "Pods-Suitmedia Test.debug.xcconfig"; path = "Pods/Target Support Files/Pods-Suitmedia Test/Pods-Suitmedia Test.debug.xcconfig"; sourceTree = "<group>"; };
		E236B4DC8EAE0C4B2E150AB5 /* Pods-Suitmedia Test.release.xcconfig */ = {isa = PBXFileReference; includeInIndex = 1; lastKnownFileType = text.xcconfig; name = "Pods-Suitmedia Test.release.xcconfig"; path = "Pods/Target Support Files/Pods-Suitmedia Test/Pods-Suitmedia Test.release.xcconfig"; sourceTree = "<group>"; };
/* End PBXFileReference section */

/* Begin PBXFrameworksBuildPhase section */
		8FEEFB6B1D4B07C700480727 /* Frameworks */ = {
			isa = PBXFrameworksBuildPhase;
			buildActionMask = 2147483647;
			files = (
				6A31D55FDA338CAC8A4A8A82 /* Pods_Suitmedia_Test.framework in Frameworks */,
			);
			runOnlyForDeploymentPostprocessing = 0;
		};
/* End PBXFrameworksBuildPhase section */

/* Begin PBXGroup section */
		6D03444C699D6CB46E58771B /* Pods */ = {
			isa = PBXGroup;
			children = (
				94CF3533BF54135265DC4A40 /* Pods-Suitmedia Test.debug.xcconfig */,
				E236B4DC8EAE0C4B2E150AB5 /* Pods-Suitmedia Test.release.xcconfig */,
			);
			name = Pods;
			sourceTree = "<group>";
		};
		8FA78D541D52FAFD0045BB3B /* Model */ = {
			isa = PBXGroup;
			children = (
				8FD0A8D41D4F0C7100E8AB58 /* Event.swift */,
				8F5E90BD1D51AE7900E5B697 /* Guest.swift */,
				8FA78D991D533A4F0045BB3B /* GuestMappable.swift */,
			);
			name = Model;
			sourceTree = "<group>";
		};
		8FA78D551D52FB1F0045BB3B /* ViewController */ = {
			isa = PBXGroup;
			children = (
				8FD0A8D01D4F041E00E8AB58 /* EventTableViewController.swift */,
				8FD0A8D21D4F092700E8AB58 /* HomeViewController.swift */,
				8F5E90BF1D51DE2600E5B697 /* GuestCollectionViewController.swift */,
				8FA78D971D531B950045BB3B /* MasukViewController.swift */,
			);
			name = ViewController;
			sourceTree = "<group>";
		};
		8FA78D561D52FB360045BB3B /* Cell */ = {
			isa = PBXGroup;
			children = (
				8FD0A8D61D4F0FBF00E8AB58 /* EventCell.swift */,
				8F5E90C11D51DF0900E5B697 /* GuestCell.swift */,
			);
			name = Cell;
			sourceTree = "<group>";
		};
		8FA78D571D52FCA50045BB3B /* View */ = {
			isa = PBXGroup;
			children = (
				8FA78D561D52FB360045BB3B /* Cell */,
				8FEEFB751D4B07C700480727 /* Main.storyboard */,
				8FEEFB7A1D4B07C700480727 /* LaunchScreen.storyboard */,
			);
			name = View;
			sourceTree = "<group>";
		};
		8FA78D581D52FDD10045BB3B /* Helper */ = {
			isa = PBXGroup;
			children = (
				8FA78D951D531A210045BB3B /* AFWrapper.swift */,
			);
			name = Helper;
			sourceTree = "<group>";
		};
		8FEEFB651D4B07C700480727 = {
			isa = PBXGroup;
			children = (
				8FEEFB701D4B07C700480727 /* Suitmedia Test */,
				8FEEFB6F1D4B07C700480727 /* Products */,
				6D03444C699D6CB46E58771B /* Pods */,
				92F08732F37556A3EA708C18 /* Frameworks */,
			);
			sourceTree = "<group>";
		};
		8FEEFB6F1D4B07C700480727 /* Products */ = {
			isa = PBXGroup;
			children = (
				8FEEFB6E1D4B07C700480727 /* Suitmedia Test.app */,
			);
			name = Products;
			sourceTree = "<group>";
		};
		8FEEFB701D4B07C700480727 /* Suitmedia Test */ = {
			isa = PBXGroup;
			children = (
				8FEEFB781D4B07C700480727 /* Assets.xcassets */,
				8FA78D551D52FB1F0045BB3B /* ViewController */,
				8FA78D581D52FDD10045BB3B /* Helper */,
				8FA78D541D52FAFD0045BB3B /* Model */,
				8FA78D571D52FCA50045BB3B /* View */,
				8FEEFB711D4B07C700480727 /* AppDelegate.swift */,
				8FEEFB7D1D4B07C700480727 /* Info.plist */,
			);
			path = "Suitmedia Test";
			sourceTree = "<group>";
		};
		92F08732F37556A3EA708C18 /* Frameworks */ = {
			isa = PBXGroup;
			children = (
				7C2D38D21C4E476791FDFDD3 /* Pods_Suitmedia_Test.framework */,
			);
			name = Frameworks;
			sourceTree = "<group>";
		};
/* End PBXGroup section */

/* Begin PBXNativeTarget section */
		8FEEFB6D1D4B07C700480727 /* Suitmedia Test */ = {
			isa = PBXNativeTarget;
			buildConfigurationList = 8FEEFB801D4B07C700480727 /* Build configuration list for PBXNativeTarget "Suitmedia Test" */;
			buildPhases = (
				61B2C4F7B8C17D0AFE78586E /* [CP] Check Pods Manifest.lock */,
				8FEEFB6A1D4B07C700480727 /* Sources */,
				8FEEFB6B1D4B07C700480727 /* Frameworks */,
				8FEEFB6C1D4B07C700480727 /* Resources */,
				1F3352200DED86D854992E65 /* [CP] Embed Pods Frameworks */,
				AD179DEA6C5738B5C14F3E70 /* [CP] Copy Pods Resources */,
			);
			buildRules = (
			);
			dependencies = (
			);
			name = "Suitmedia Test";
			productName = "Suitmedia Test";
			productReference = 8FEEFB6E1D4B07C700480727 /* Suitmedia Test.app */;
			productType = "com.apple.product-type.application";
		};
/* End PBXNativeTarget section */

/* Begin PBXProject section */
		8FEEFB661D4B07C700480727 /* Project object */ = {
			isa = PBXProject;
			attributes = {
				LastSwiftUpdateCheck = 0730;
				LastUpgradeCheck = 0730;
				ORGANIZATIONNAME = Bungkhus;
				TargetAttributes = {
					8FEEFB6D1D4B07C700480727 = {
						CreatedOnToolsVersion = 7.3.1;
					};
				};
			};
			buildConfigurationList = 8FEEFB691D4B07C700480727 /* Build configuration list for PBXProject "Suitmedia Test" */;
			compatibilityVersion = "Xcode 3.2";
			developmentRegion = English;
			hasScannedForEncodings = 0;
			knownRegions = (
				en,
				Base,
			);
			mainGroup = 8FEEFB651D4B07C700480727;
			productRefGroup = 8FEEFB6F1D4B07C700480727 /* Products */;
			projectDirPath = "";
			projectRoot = "";
			targets = (
				8FEEFB6D1D4B07C700480727 /* Suitmedia Test */,
			);
		};
/* End PBXProject section */

/* Begin PBXResourcesBuildPhase section */
		8FEEFB6C1D4B07C700480727 /* Resources */ = {
			isa = PBXResourcesBuildPhase;
			buildActionMask = 2147483647;
			files = (
				8FEEFB7C1D4B07C700480727 /* LaunchScreen.storyboard in Resources */,
				8FEEFB791D4B07C700480727 /* Assets.xcassets in Resources */,
				8FEEFB771D4B07C700480727 /* Main.storyboard in Resources */,
			);
			runOnlyForDeploymentPostprocessing = 0;
		};
/* End PBXResourcesBuildPhase section */

/* Begin PBXShellScriptBuildPhase section */
		1F3352200DED86D854992E65 /* [CP] Embed Pods Frameworks */ = {
			isa = PBXShellScriptBuildPhase;
			buildActionMask = 2147483647;
			files = (
			);
			inputPaths = (
			);
			name = "[CP] Embed Pods Frameworks";
			outputPaths = (
			);
			runOnlyForDeploymentPostprocessing = 0;
			shellPath = /bin/sh;
			shellScript = "\"${SRCROOT}/Pods/Target Support Files/Pods-Suitmedia Test/Pods-Suitmedia Test-frameworks.sh\"\n";
			showEnvVarsInLog = 0;
		};
		61B2C4F7B8C17D0AFE78586E /* [CP] Check Pods Manifest.lock */ = {
			isa = PBXShellScriptBuildPhase;
			buildActionMask = 2147483647;
			files = (
			);
			inputPaths = (
			);
			name = "[CP] Check Pods Manifest.lock";
			outputPaths = (
			);
			runOnlyForDeploymentPostprocessing = 0;
			shellPath = /bin/sh;
			shellScript = "diff \"${PODS_ROOT}/../Podfile.lock\" \"${PODS_ROOT}/Manifest.lock\" > /dev/null\nif [[ $? != 0 ]] ; then\n    cat << EOM\nerror: The sandbox is not in sync with the Podfile.lock. Run 'pod install' or update your CocoaPods installation.\nEOM\n    exit 1\nfi\n";
			showEnvVarsInLog = 0;
		};
		AD179DEA6C5738B5C14F3E70 /* [CP] Copy Pods Resources */ = {
			isa = PBXShellScriptBuildPhase;
			buildActionMask = 2147483647;
			files = (
			);
			inputPaths = (
			);
			name = "[CP] Copy Pods Resources";
			outputPaths = (
			);
			runOnlyForDeploymentPostprocessing = 0;
			shellPath = /bin/sh;
			shellScript = "\"${SRCROOT}/Pods/Target Support Files/Pods-Suitmedia Test/Pods-Suitmedia Test-resources.sh\"\n";
			showEnvVarsInLog = 0;
		};
/* End PBXShellScriptBuildPhase section */

/* Begin PBXSourcesBuildPhase section */
		8FEEFB6A1D4B07C700480727 /* Sources */ = {
			isa = PBXSourcesBuildPhase;
			buildActionMask = 2147483647;
			files = (
				8F5E90C21D51DF0900E5B697 /* GuestCell.swift in Sources */,
				8FD0A8D51D4F0C7100E8AB58 /* Event.swift in Sources */,
				8FD0A8D11D4F041E00E8AB58 /* EventTableViewController.swift in Sources */,
				8FD0A8D71D4F0FBF00E8AB58 /* EventCell.swift in Sources */,
				8FA78D981D531B950045BB3B /* MasukViewController.swift in Sources */,
				8FEEFB721D4B07C700480727 /* AppDelegate.swift in Sources */,
				8F5E90BE1D51AE7900E5B697 /* Guest.swift in Sources */,
				8FD0A8D31D4F092700E8AB58 /* HomeViewController.swift in Sources */,
				8FA78D9A1D533A4F0045BB3B /* GuestMappable.swift in Sources */,
				8FA78D961D531A210045BB3B /* AFWrapper.swift in Sources */,
				8F5E90C01D51DE2600E5B697 /* GuestCollectionViewController.swift in Sources */,
			);
			runOnlyForDeploymentPostprocessing = 0;
		};
/* End PBXSourcesBuildPhase section */

/* Begin PBXVariantGroup section */
		8FEEFB751D4B07C700480727 /* Main.storyboard */ = {
			isa = PBXVariantGroup;
			children = (
				8FEEFB761D4B07C700480727 /* Base */,
			);
			name = Main.storyboard;
			sourceTree = "<group>";
		};
		8FEEFB7A1D4B07C700480727 /* LaunchScreen.storyboard */ = {
			isa = PBXVariantGroup;
			children = (
				8FEEFB7B1D4B07C700480727 /* Base */,
			);
			name = LaunchScreen.storyboard;
			sourceTree = "<group>";
		};
/* End PBXVariantGroup section */

/* Begin XCBuildConfiguration section */
		8FEEFB7E1D4B07C700480727 /* Debug */ = {
			isa = XCBuildConfiguration;
			buildSettings = {
				ALWAYS_SEARCH_USER_PATHS = NO;
				CLANG_ANALYZER_NONNULL = YES;
				CLANG_CXX_LANGUAGE_STANDARD = "gnu++0x";
				CLANG_CXX_LIBRARY = "libc++";
				CLANG_ENABLE_MODULES = YES;
				CLANG_ENABLE_OBJC_ARC = YES;
				CLANG_WARN_BOOL_CONVERSION = YES;
				CLANG_WARN_CONSTANT_CONVERSION = YES;
				CLANG_WARN_DIRECT_OBJC_ISA_USAGE = YES_ERROR;
				CLANG_WARN_EMPTY_BODY = YES;
				CLANG_WARN_ENUM_CONVERSION = YES;
				CLANG_WARN_INT_CONVERSION = YES;
				CLANG_WARN_OBJC_ROOT_CLASS = YES_ERROR;
				CLANG_WARN_UNREACHABLE_CODE = YES;
				CLANG_WARN__DUPLICATE_METHOD_MATCH = YES;
				"CODE_SIGN_IDENTITY[sdk=iphoneos*]" = "iPhone Developer";
				COPY_PHASE_STRIP = NO;
				DEBUG_INFORMATION_FORMAT = dwarf;
				ENABLE_STRICT_OBJC_MSGSEND = YES;
				ENABLE_TESTABILITY = YES;
				GCC_C_LANGUAGE_STANDARD = gnu99;
				GCC_DYNAMIC_NO_PIC = NO;
				GCC_NO_COMMON_BLOCKS = YES;
				GCC_OPTIMIZATION_LEVEL = 0;
				GCC_PREPROCESSOR_DEFINITIONS = (
					"DEBUG=1",
					"$(inherited)",
				);
				GCC_WARN_64_TO_32_BIT_CONVERSION = YES;
				GCC_WARN_ABOUT_RETURN_TYPE = YES_ERROR;
				GCC_WARN_UNDECLARED_SELECTOR = YES;
				GCC_WARN_UNINITIALIZED_AUTOS = YES_AGGRESSIVE;
				GCC_WARN_UNUSED_FUNCTION = YES;
				GCC_WARN_UNUSED_VARIABLE = YES;
				IPHONEOS_DEPLOYMENT_TARGET = 9.3;
				MTL_ENABLE_DEBUG_INFO = YES;
				ONLY_ACTIVE_ARCH = YES;
				SDKROOT = iphoneos;
				SWIFT_OPTIMIZATION_LEVEL = "-Onone";
				TARGETED_DEVICE_FAMILY = 2;
			};
			name = Debug;
		};
		8FEEFB7F1D4B07C700480727 /* Release */ = {
			isa = XCBuildConfiguration;
			buildSettings = {
				ALWAYS_SEARCH_USER_PATHS = NO;
				CLANG_ANALYZER_NONNULL = YES;
				CLANG_CXX_LANGUAGE_STANDARD = "gnu++0x";
				CLANG_CXX_LIBRARY = "libc++";
				CLANG_ENABLE_MODULES = YES;
				CLANG_ENABLE_OBJC_ARC = YES;
				CLANG_WARN_BOOL_CONVERSION = YES;
				CLANG_WARN_CONSTANT_CONVERSION = YES;
				CLANG_WARN_DIRECT_OBJC_ISA_USAGE = YES_ERROR;
				CLANG_WARN_EMPTY_BODY = YES;
				CLANG_WARN_ENUM_CONVERSION = YES;
				CLANG_WARN_INT_CONVERSION = YES;
				CLANG_WARN_OBJC_ROOT_CLASS = YES_ERROR;
				CLANG_WARN_UNREACHABLE_CODE = YES;
				CLANG_WARN__DUPLICATE_METHOD_MATCH = YES;
				"CODE_SIGN_IDENTITY[sdk=iphoneos*]" = "iPhone Developer";
				COPY_PHASE_STRIP = NO;
				DEBUG_INFORMATION_FORMAT = "dwarf-with-dsym";
				ENABLE_NS_ASSERTIONS = NO;
				ENABLE_STRICT_OBJC_MSGSEND = YES;
				GCC_C_LANGUAGE_STANDARD = gnu99;
				GCC_NO_COMMON_BLOCKS = YES;
				GCC_WARN_64_TO_32_BIT_CONVERSION = YES;
				GCC_WARN_ABOUT_RETURN_TYPE = YES_ERROR;
				GCC_WARN_UNDECLARED_SELECTOR = YES;
				GCC_WARN_UNINITIALIZED_AUTOS = YES_AGGRESSIVE;
				GCC_WARN_UNUSED_FUNCTION = YES;
				GCC_WARN_UNUSED_VARIABLE = YES;
				IPHONEOS_DEPLOYMENT_TARGET = 9.3;
				MTL_ENABLE_DEBUG_INFO = NO;
				SDKROOT = iphoneos;
				TARGETED_DEVICE_FAMILY = 2;
				VALIDATE_PRODUCT = YES;
			};
			name = Release;
		};
		8FEEFB811D4B07C700480727 /* Debug */ = {
			isa = XCBuildConfiguration;
			baseConfigurationReference = 94CF3533BF54135265DC4A40 /* Pods-Suitmedia Test.debug.xcconfig */;
			buildSettings = {
				ASSETCATALOG_COMPILER_APPICON_NAME = AppIcon;
				INFOPLIST_FILE = "Suitmedia Test/Info.plist";
				LD_RUNPATH_SEARCH_PATHS = "$(inherited) @executable_path/Frameworks";
				PRODUCT_BUNDLE_IDENTIFIER = "com.bungkhus.ministudio.Suitmedia-Test";
				PRODUCT_NAME = "$(TARGET_NAME)";
				TARGETED_DEVICE_FAMILY = 1;
			};
			name = Debug;
		};
		8FEEFB821D4B07C700480727 /* Release */ = {
			isa = XCBuildConfiguration;
			baseConfigurationReference = E236B4DC8EAE0C4B2E150AB5 /* Pods-Suitmedia Test.release.xcconfig */;
			buildSettings = {
				ASSETCATALOG_COMPILER_APPICON_NAME = AppIcon;
				INFOPLIST_FILE = "Suitmedia Test/Info.plist";
				LD_RUNPATH_SEARCH_PATHS = "$(inherited) @executable_path/Frameworks";
				PRODUCT_BUNDLE_IDENTIFIER = "com.bungkhus.ministudio.Suitmedia-Test";
				PRODUCT_NAME = "$(TARGET_NAME)";
				TARGETED_DEVICE_FAMILY = 1;
			};
			name = Release;
		};
/* End XCBuildConfiguration section */

/* Begin XCConfigurationList section */
		8FEEFB691D4B07C700480727 /* Build configuration list for PBXProject "Suitmedia Test" */ = {
			isa = XCConfigurationList;
			buildConfigurations = (
				8FEEFB7E1D4B07C700480727 /* Debug */,
				8FEEFB7F1D4B07C700480727 /* Release */,
			);
			defaultConfigurationIsVisible = 0;
			defaultConfigurationName = Release;
		};
		8FEEFB801D4B07C700480727 /* Build configuration list for PBXNativeTarget "Suitmedia Test" */ = {
			isa = XCConfigurationList;
			buildConfigurations = (
				8FEEFB811D4B07C700480727 /* Debug */,
				8FEEFB821D4B07C700480727 /* Release */,
			);
			defaultConfigurationIsVisible = 0;
			defaultConfigurationName = Release;
		};
/* End XCConfigurationList section */
	};
	rootObject = 8FEEFB661D4B07C700480727 /* Project object */;
}
