// !$*UTF8*$!
{
	archiveVersion = 1;
	classes = {
	};
	objectVersion = 46;
	objects = {

/* Begin PBXBuildFile section */
		8FEEFB721D4B07C700480727 /* AppDelegate.swift in Sources */ = {isa = PBXBuildFile; fileRef = 8FEEFB711D4B07C700480727 /* AppDelegate.swift */; };
		8FEEFB771D4B07C700480727 /* Main.storyboard in Resources */ = {isa = PBXBuildFile; fileRef = 8FEEFB751D4B07C700480727 /* Main.storyboard */; };
		8FEEFB791D4B07C700480727 /* Assets.xcassets in Resources */ = {isa = PBXBuildFile; fileRef = 8FEEFB781D4B07C700480727 /* Assets.xcassets */; };
		8FEEFB7C1D4B07C700480727 /* LaunchScreen.storyboard in Resources */ = {isa = PBXBuildFile; fileRef = 8FEEFB7A1D4B07C700480727 /* LaunchScreen.storyboard */; };
/* End PBXBuildFile section */

/* Begin PBXFileReference section */
		8FEEFB6E1D4B07C700480727 /* Suitmedia Test.app */ = {isa = PBXFileReference; explicitFileType = wrapper.application; includeInIndex = 0; path = "Suitmedia Test.app"; sourceTree = BUILT_PRODUCTS_DIR; };
		8FEEFB711D4B07C700480727 /* AppDelegate.swift */ = {isa = PBXFileReference; lastKnownFileType = sourcecode.swift; path = AppDelegate.swift; sourceTree = "<group>"; };
		8FEEFB761D4B07C700480727 /* Base */ = {isa = PBXFileReference; lastKnownFileType = file.storyboard; name = Base; path = Base.lproj/Main.storyboard; sourceTree = "<group>"; };
		8FEEFB781D4B07C700480727 /* Assets.xcassets */ = {isa = PBXFileReference; lastKnownFileType = folder.assetcatalog; path = Assets.xcassets; sourceTree = "<group>"; };
		8FEEFB7B1D4B07C700480727 /* Base */ = {isa = PBXFileReference; lastKnownFileType = file.storyboard; name = Base; path = Base.lproj/LaunchScreen.storyboard; sourceTree = "<group>"; };
		8FEEFB7D1D4B07C700480727 /* Info.plist */ = {isa = PBXFileReference; lastKnownFileType = text.plist.xml; path = Info.plist; sourceTree = "<group>"; };
/* End PBXFileReference section */

/* Begin PBXFrameworksBuildPhase section */
		8FEEFB6B1D4B07C700480727 /* Frameworks */ = {
			isa = PBXFrameworksBuildPhase;
			buildActionMask = 2147483647;
			files = (
			);
			runOnlyForDeploymentPostprocessing = 0;
		};
/* End PBXFrameworksBuildPhase section */

/* Begin PBXGroup section */
		8FEEFB651D4B07C700480727 = {
			isa = PBXGroup;
			children = (
				8FEEFB701D4B07C700480727 /* Suitmedia Test */,
				8FEEFB6F1D4B07C700480727 /* Products */,
			);
			sourceTree = "<group>";
		};
		8FEEFB6F1D4B07C700480727 /* Products */ = {
			isa = PBXGroup;
			children = (
				8FEEFB6E1D4B07C700480727 /* Suitmedia Test.app */,
			);
			name = Products;
			sourceTree = "<group>";
		};
		8FEEFB701D4B07C700480727 /* Suitmedia Test */ = {
			isa = PBXGroup;
			children = (
				8FEEFB711D4B07C700480727 /* AppDelegate.swift */,
				8FEEFB751D4B07C700480727 /* Main.storyboard */,
				8FEEFB781D4B07C700480727 /* Assets.xcassets */,
				8FEEFB7A1D4B07C700480727 /* LaunchScreen.storyboard */,
				8FEEFB7D1D4B07C700480727 /* Info.plist */,
			);
			path = "Suitmedia Test";
			sourceTree = "<group>";
		};
/* End PBXGroup section */

/* Begin PBXNativeTarget section */
		8FEEFB6D1D4B07C700480727 /* Suitmedia Test */ = {
			isa = PBXNativeTarget;
			buildConfigurationList = 8FEEFB801D4B07C700480727 /* Build configuration list for PBXNativeTarget "Suitmedia Test" */;
			buildPhases = (
				8FEEFB6A1D4B07C700480727 /* Sources */,
				8FEEFB6B1D4B07C700480727 /* Frameworks */,
				8FEEFB6C1D4B07C700480727 /* Resources */,
			);
			buildRules = (
			);
			dependencies = (
			);
			name = "Suitmedia Test";
			productName = "Suitmedia Test";
			productReference = 8FEEFB6E1D4B07C700480727 /* Suitmedia Test.app */;
			productType = "com.apple.product-type.application";
		};
/* End PBXNativeTarget section */

/* Begin PBXProject section */
		8FEEFB661D4B07C700480727 /* Project object */ = {
			isa = PBXProject;
			attributes = {
				LastSwiftUpdateCheck = 0730;
				LastUpgradeCheck = 0730;
				ORGANIZATIONNAME = Bungkhus;
				TargetAttributes = {
					8FEEFB6D1D4B07C700480727 = {
						CreatedOnToolsVersion = 7.3.1;
					};
				};
			};
			buildConfigurationList = 8FEEFB691D4B07C700480727 /* Build configuration list for PBXProject "Suitmedia Test" */;
			compatibilityVersion = "Xcode 3.2";
			developmentRegion = English;
			hasScannedForEncodings = 0;
			knownRegions = (
				en,
				Base,
			);
			mainGroup = 8FEEFB651D4B07C700480727;
			productRefGroup = 8FEEFB6F1D4B07C700480727 /* Products */;
			projectDirPath = "";
			projectRoot = "";
			targets = (
				8FEEFB6D1D4B07C700480727 /* Suitmedia Test */,
			);
		};
/* End PBXProject section */

/* Begin PBXResourcesBuildPhase section */
		8FEEFB6C1D4B07C700480727 /* Resources */ = {
			isa = PBXResourcesBuildPhase;
			buildActionMask = 2147483647;
			files = (
				8FEEFB7C1D4B07C700480727 /* LaunchScreen.storyboard in Resources */,
				8FEEFB791D4B07C700480727 /* Assets.xcassets in Resources */,
				8FEEFB771D4B07C700480727 /* Main.storyboard in Resources */,
			);
			runOnlyForDeploymentPostprocessing = 0;
		};
/* End PBXResourcesBuildPhase section */

/* Begin PBXSourcesBuildPhase section */
		8FEEFB6A1D4B07C700480727 /* Sources */ = {
			isa = PBXSourcesBuildPhase;
			buildActionMask = 2147483647;
			files = (
				8FEEFB721D4B07C700480727 /* AppDelegate.swift in Sources */,
			);
			runOnlyForDeploymentPostprocessing = 0;
		};
/* End PBXSourcesBuildPhase section */

/* Begin PBXVariantGroup section */
		8FEEFB751D4B07C700480727 /* Main.storyboard */ = {
			isa = PBXVariantGroup;
			children = (
				8FEEFB761D4B07C700480727 /* Base */,
			);
			name = Main.storyboard;
			sourceTree = "<group>";
		};
		8FEEFB7A1D4B07C700480727 /* LaunchScreen.storyboard */ = {
			isa = PBXVariantGroup;
			children = (
				8FEEFB7B1D4B07C700480727 /* Base */,
			);
			name = LaunchScreen.storyboard;
			sourceTree = "<group>";
		};
/* End PBXVariantGroup section */

/* Begin XCBuildConfiguration section */
		8FEEFB7E1D4B07C700480727 /* Debug */ = {
			isa = XCBuildConfiguration;
			buildSettings = {
				ALWAYS_SEARCH_USER_PATHS = NO;
				CLANG_ANALYZER_NONNULL = YES;
				CLANG_CXX_LANGUAGE_STANDARD = "gnu++0x";
				CLANG_CXX_LIBRARY = "libc++";
				CLANG_ENABLE_MODULES = YES;
				CLANG_ENABLE_OBJC_ARC = YES;
				CLANG_WARN_BOOL_CONVERSION = YES;
				CLANG_WARN_CONSTANT_CONVERSION = YES;
				CLANG_WARN_DIRECT_OBJC_ISA_USAGE = YES_ERROR;
				CLANG_WARN_EMPTY_BODY = YES;
				CLANG_WARN_ENUM_CONVERSION = YES;
				CLANG_WARN_INT_CONVERSION = YES;
				CLANG_WARN_OBJC_ROOT_CLASS = YES_ERROR;
				CLANG_WARN_UNREACHABLE_CODE = YES;
				CLANG_WARN__DUPLICATE_METHOD_MATCH = YES;
				"CODE_SIGN_IDENTITY[sdk=iphoneos*]" = "iPhone Developer";
				COPY_PHASE_STRIP = NO;
				DEBUG_INFORMATION_FORMAT = dwarf;
				ENABLE_STRICT_OBJC_MSGSEND = YES;
				ENABLE_TESTABILITY = YES;
				GCC_C_LANGUAGE_STANDARD = gnu99;
				GCC_DYNAMIC_NO_PIC = NO;
				GCC_NO_COMMON_BLOCKS = YES;
				GCC_OPTIMIZATION_LEVEL = 0;
				GCC_PREPROCESSOR_DEFINITIONS = (
					"DEBUG=1",
					"$(inherited)",
				);
				GCC_WARN_64_TO_32_BIT_CONVERSION = YES;
				GCC_WARN_ABOUT_RETURN_TYPE = YES_ERROR;
				GCC_WARN_UNDECLARED_SELECTOR = YES;
				GCC_WARN_UNINITIALIZED_AUTOS = YES_AGGRESSIVE;
				GCC_WARN_UNUSED_FUNCTION = YES;
				GCC_WARN_UNUSED_VARIABLE = YES;
				IPHONEOS_DEPLOYMENT_TARGET = 9.3;
				MTL_ENABLE_DEBUG_INFO = YES;
				ONLY_ACTIVE_ARCH = YES;
				SDKROOT = iphoneos;
				SWIFT_OPTIMIZATION_LEVEL = "-Onone";
				TARGETED_DEVICE_FAMILY = 2;
			};
			name = Debug;
		};
		8FEEFB7F1D4B07C700480727 /* Release */ = {
			isa = XCBuildConfiguration;
			buildSettings = {
				ALWAYS_SEARCH_USER_PATHS = NO;
				CLANG_ANALYZER_NONNULL = YES;
				CLANG_CXX_LANGUAGE_STANDARD = "gnu++0x";
				CLANG_CXX_LIBRARY = "libc++";
				CLANG_ENABLE_MODULES = YES;
				CLANG_ENABLE_OBJC_ARC = YES;
				CLANG_WARN_BOOL_CONVERSION = YES;
				CLANG_WARN_CONSTANT_CONVERSION = YES;
				CLANG_WARN_DIRECT_OBJC_ISA_USAGE = YES_ERROR;
				CLANG_WARN_EMPTY_BODY = YES;
				CLANG_WARN_ENUM_CONVERSION = YES;
				CLANG_WARN_INT_CONVERSION = YES;
				CLANG_WARN_OBJC_ROOT_CLASS = YES_ERROR;
				CLANG_WARN_UNREACHABLE_CODE = YES;
				CLANG_WARN__DUPLICATE_METHOD_MATCH = YES;
				"CODE_SIGN_IDENTITY[sdk=iphoneos*]" = "iPhone Developer";
				COPY_PHASE_STRIP = NO;
				DEBUG_INFORMATION_FORMAT = "dwarf-with-dsym";
				ENABLE_NS_ASSERTIONS = NO;
				ENABLE_STRICT_OBJC_MSGSEND = YES;
				GCC_C_LANGUAGE_STANDARD = gnu99;
				GCC_NO_COMMON_BLOCKS = YES;
				GCC_WARN_64_TO_32_BIT_CONVERSION = YES;
				GCC_WARN_ABOUT_RETURN_TYPE = YES_ERROR;
				GCC_WARN_UNDECLARED_SELECTOR = YES;
				GCC_WARN_UNINITIALIZED_AUTOS = YES_AGGRESSIVE;
				GCC_WARN_UNUSED_FUNCTION = YES;
				GCC_WARN_UNUSED_VARIABLE = YES;
				IPHONEOS_DEPLOYMENT_TARGET = 9.3;
				MTL_ENABLE_DEBUG_INFO = NO;
				SDKROOT = iphoneos;
				TARGETED_DEVICE_FAMILY = 2;
				VALIDATE_PRODUCT = YES;
			};
			name = Release;
		};
		8FEEFB811D4B07C700480727 /* Debug */ = {
			isa = XCBuildConfiguration;
			buildSettings = {
				ASSETCATALOG_COMPILER_APPICON_NAME = AppIcon;
				INFOPLIST_FILE = "Suitmedia Test/Info.plist";
				LD_RUNPATH_SEARCH_PATHS = "$(inherited) @executable_path/Frameworks";
				PRODUCT_BUNDLE_IDENTIFIER = "com.bungkhus.ministudio.Suitmedia-Test";
				PRODUCT_NAME = "$(TARGET_NAME)";
				TARGETED_DEVICE_FAMILY = 1;
			};
			name = Debug;
		};
		8FEEFB821D4B07C700480727 /* Release */ = {
			isa = XCBuildConfiguration;
			buildSettings = {
				ASSETCATALOG_COMPILER_APPICON_NAME = AppIcon;
				INFOPLIST_FILE = "Suitmedia Test/Info.plist";
				LD_RUNPATH_SEARCH_PATHS = "$(inherited) @executable_path/Frameworks";
				PRODUCT_BUNDLE_IDENTIFIER = "com.bungkhus.ministudio.Suitmedia-Test";
				PRODUCT_NAME = "$(TARGET_NAME)";
				TARGETED_DEVICE_FAMILY = 1;
			};
			name = Release;
		};
/* End XCBuildConfiguration section */

/* Begin XCConfigurationList section */
		8FEEFB691D4B07C700480727 /* Build configuration list for PBXProject "Suitmedia Test" */ = {
			isa = XCConfigurationList;
			buildConfigurations = (
				8FEEFB7E1D4B07C700480727 /* Debug */,
				8FEEFB7F1D4B07C700480727 /* Release */,
			);
			defaultConfigurationIsVisible = 0;
			defaultConfigurationName = Release;
		};
		8FEEFB801D4B07C700480727 /* Build configuration list for PBXNativeTarget "Suitmedia Test" */ = {
			isa = XCConfigurationList;
			buildConfigurations = (
				8FEEFB811D4B07C700480727 /* Debug */,
				8FEEFB821D4B07C700480727 /* Release */,
			);
			defaultConfigurationIsVisible = 0;
		};
/* End XCConfigurationList section */
	};
	rootObject = 8FEEFB661D4B07C700480727 /* Project object */;
}
